
Microsoft Visual Studio Solution File, Format Version 12.00
# Visual Studio Version 16
VisualStudioVersion = 16.0.30204.135
MinimumVisualStudioVersion = 10.0.40219.1
Project("{FAE04EC0-301F-11D3-BF4B-00C04F79EFBC}") = "PointOfSale_wf", "PointOfSale_wf\PointOfSale_wf.csproj", "{D154197D-36DD-42BF-807B-7A8F29F98ECF}"
EndProject
Global
	GlobalSection(SolutionConfigurationPlatforms) = preSolution
		Debug|Any CPU = Debug|Any CPU
		Release|Any CPU = Release|Any CPU
	EndGlobalSection
	GlobalSection(ProjectConfigurationPlatforms) = postSolution
		{D154197D-36DD-42BF-807B-7A8F29F98ECF}.Debug|Any CPU.ActiveCfg = Debug|Any CPU
		{D154197D-36DD-42BF-807B-7A8F29F98ECF}.Debug|Any CPU.Build.0 = Debug|Any CPU
		{D154197D-36DD-42BF-807B-7A8F29F98ECF}.Release|Any CPU.ActiveCfg = Release|Any CPU
		{D154197D-36DD-42BF-807B-7A8F29F98ECF}.Release|Any CPU.Build.0 = Release|Any CPU
	EndGlobalSection
	GlobalSection(SolutionProperties) = preSolution
		HideSolutionNode = FALSE
	EndGlobalSection
	GlobalSection(ExtensibilityGlobals) = postSolution
		SolutionGuid = {F1E717A1-B7BE-4BDD-A664-9DC14DB6887C}
	EndGlobalSection
EndGlobal
